
Microsoft Visual Studio Solution File, Format Version 12.00
# Visual Studio Version 17
VisualStudioVersion = 17.0.31903.59
MinimumVisualStudioVersion = 10.0.40219.1
Project("{2150E333-8FDC-42A3-9474-1A3956D46DE8}") = "Shared", "Shared", "{4F52FD11-658E-A102-6CD3-7D7C16FFA15B}"
EndProject
Project("{FAE04EC0-301F-11D3-BF4B-00C04F79EFBC}") = "CapstoneReviewSlot.Shared", "Shared\CapstoneReviewSlot.Shared\CapstoneReviewSlot.Shared.csproj", "{0051754D-626F-4554-86B8-073F75BDAD59}"
EndProject
Project("{FAE04EC0-301F-11D3-BF4B-00C04F79EFBC}") = "GrpcContract", "GrpcContract\GrpcContract.csproj", "{E804BEA9-9F89-4562-AE55-4150A3E99F84}"
EndProject
Project("{2150E333-8FDC-42A3-9474-1A3956D46DE8}") = "ApiGateway", "ApiGateway", "{25D181DD-5CC9-F0B3-C64F-91E1AA77FD70}"
EndProject
Project("{FAE04EC0-301F-11D3-BF4B-00C04F79EFBC}") = "CapstoneReviewSlot.Gateway", "ApiGateway\CapstoneReviewSlot.Gateway\CapstoneReviewSlot.Gateway.csproj", "{F45EFE75-1C97-4664-9CA7-2FAA251A3431}"
EndProject
Project("{2150E333-8FDC-42A3-9474-1A3956D46DE8}") = "Services", "Services", "{5854FF58-B8C5-05C6-5BF2-ACE42193F22B}"
EndProject
Project("{2150E333-8FDC-42A3-9474-1A3956D46DE8}") = "Identity", "Identity", "{357A7C97-5AE1-023F-1442-0D9F9AF22A31}"
EndProject
Project("{FAE04EC0-301F-11D3-BF4B-00C04F79EFBC}") = "Identity.Domain", "Services\Identity\Identity.Domain\Identity.Domain.csproj", "{A37DE789-2D7E-41B7-A413-E39883822581}"
EndProject
Project("{FAE04EC0-301F-11D3-BF4B-00C04F79EFBC}") = "Identity.Application", "Services\Identity\Identity.Application\Identity.Application.csproj", "{81765B66-67D0-4DCA-904A-6788C98A831C}"
EndProject
Project("{FAE04EC0-301F-11D3-BF4B-00C04F79EFBC}") = "Identity.Infrastructure", "Services\Identity\Identity.Infrastructure\Identity.Infrastructure.csproj", "{04E6E136-42F4-4337-8EA3-8F6A73803D07}"
EndProject
Project("{FAE04EC0-301F-11D3-BF4B-00C04F79EFBC}") = "Identity.Api", "Services\Identity\Identity.Api\Identity.Api.csproj", "{D652D3EC-D184-4762-A845-FEE2D533AE3F}"
EndProject
Project("{2150E333-8FDC-42A3-9474-1A3956D46DE8}") = "Session", "Session", "{4654CBAB-C532-E41F-4246-203B88601057}"
EndProject
Project("{FAE04EC0-301F-11D3-BF4B-00C04F79EFBC}") = "Session.Domain", "Services\Session\Session.Domain\Session.Domain.csproj", "{C989E2C4-8805-4D2F-AFAE-5864A706B5E4}"
EndProject
Project("{FAE04EC0-301F-11D3-BF4B-00C04F79EFBC}") = "Session.Application", "Services\Session\Session.Application\Session.Application.csproj", "{87E7DADC-7AC7-428F-9CF1-52186C5E8A47}"
EndProject
Project("{FAE04EC0-301F-11D3-BF4B-00C04F79EFBC}") = "Session.Infrastructure", "Services\Session\Session.Infrastructure\Session.Infrastructure.csproj", "{218E5B52-767B-468C-A90D-81819A1CB853}"
EndProject
Project("{FAE04EC0-301F-11D3-BF4B-00C04F79EFBC}") = "Session.Api", "Services\Session\Session.Api\Session.Api.csproj", "{4C5222EB-6805-49F9-8078-BA859971A707}"
EndProject
Project("{2150E333-8FDC-42A3-9474-1A3956D46DE8}") = "Availability", "Availability", "{CAFC6D74-90C3-6BA6-F9AF-0E6123EFE616}"
EndProject
Project("{FAE04EC0-301F-11D3-BF4B-00C04F79EFBC}") = "Availability.Domain", "Services\Availability\Availability.Domain\Availability.Domain.csproj", "{6608E201-4A79-4952-A61D-C3F944305FB4}"
EndProject
Project("{FAE04EC0-301F-11D3-BF4B-00C04F79EFBC}") = "Availability.Application", "Services\Availability\Availability.Application\Availability.Application.csproj", "{F17A0868-1848-43A2-AEF5-C06DEC8DF160}"
EndProject
Project("{FAE04EC0-301F-11D3-BF4B-00C04F79EFBC}") = "Availability.Infrastructure", "Services\Availability\Availability.Infrastructure\Availability.Infrastructure.csproj", "{95B95FCB-6EA9-4C0E-8D1E-17A35A2ABC3D}"
EndProject
Project("{FAE04EC0-301F-11D3-BF4B-00C04F79EFBC}") = "Availability.Api", "Services\Availability\Availability.Api\Availability.Api.csproj", "{EE1BDE7D-4E3E-430E-AD0C-6B2637660667}"
EndProject
Project("{2150E333-8FDC-42A3-9474-1A3956D46DE8}") = "Registration", "Registration", "{2EF26391-038B-86F3-E6FA-6DF3FA9F10CD}"
EndProject
Project("{FAE04EC0-301F-11D3-BF4B-00C04F79EFBC}") = "Registration.Domain", "Services\Registration\Registration.Domain\Registration.Domain.csproj", "{EE994ED3-B319-425B-99FA-64011CAF0B95}"
EndProject
Project("{FAE04EC0-301F-11D3-BF4B-00C04F79EFBC}") = "Registration.Application", "Services\Registration\Registration.Application\Registration.Application.csproj", "{4DDB9947-CA47-44E4-931C-682354692836}"
EndProject
Project("{FAE04EC0-301F-11D3-BF4B-00C04F79EFBC}") = "Registration.Infrastructure", "Services\Registration\Registration.Infrastructure\Registration.Infrastructure.csproj", "{41B178D0-D3BC-4F47-A569-39413D3B3A33}"
EndProject
Project("{FAE04EC0-301F-11D3-BF4B-00C04F79EFBC}") = "Registration.Api", "Services\Registration\Registration.Api\Registration.Api.csproj", "{92A520BA-131C-4813-91DF-4E23B7C0BF2B}"
EndProject
Project("{2150E333-8FDC-42A3-9474-1A3956D46DE8}") = "Assignment", "Assignment", "{D0C1C533-808B-E7AF-049A-F61A219E9EEA}"
EndProject
Project("{FAE04EC0-301F-11D3-BF4B-00C04F79EFBC}") = "Assignment.Domain", "Services\Assignment\Assignment.Domain\Assignment.Domain.csproj", "{5CFDACBF-44B3-4098-80DB-02C84A2AC0CC}"
EndProject
Project("{FAE04EC0-301F-11D3-BF4B-00C04F79EFBC}") = "Assignment.Application", "Services\Assignment\Assignment.Application\Assignment.Application.csproj", "{06AC15E1-2869-4D4F-B0E1-2B7D0B5BBC22}"
EndProject
Project("{FAE04EC0-301F-11D3-BF4B-00C04F79EFBC}") = "Assignment.Infrastructure", "Services\Assignment\Assignment.Infrastructure\Assignment.Infrastructure.csproj", "{9350A747-8B3E-4CCB-AEB4-F36CE39C4161}"
EndProject
Project("{FAE04EC0-301F-11D3-BF4B-00C04F79EFBC}") = "Assignment.Api", "Services\Assignment\Assignment.Api\Assignment.Api.csproj", "{94CD00C2-E619-4BD5-98BB-D8B215546D61}"
EndProject
Project("{2150E333-8FDC-42A3-9474-1A3956D46DE8}") = "Report", "Report", "{86ABE1F9-23ED-9C87-BC7A-555EAC0243D4}"
EndProject
Project("{FAE04EC0-301F-11D3-BF4B-00C04F79EFBC}") = "Report.Domain", "Services\Report\Report.Domain\Report.Domain.csproj", "{AD6850BB-D605-4C09-8E48-E532900D7693}"
EndProject
Project("{FAE04EC0-301F-11D3-BF4B-00C04F79EFBC}") = "Report.Application", "Services\Report\Report.Application\Report.Application.csproj", "{DF1643B4-8E5D-40F8-9C51-48EFF3BF4203}"
EndProject
Project("{FAE04EC0-301F-11D3-BF4B-00C04F79EFBC}") = "Report.Infrastructure", "Services\Report\Report.Infrastructure\Report.Infrastructure.csproj", "{E414A407-A85E-4FE3-BDAE-37FF922D1400}"
EndProject
Project("{FAE04EC0-301F-11D3-BF4B-00C04F79EFBC}") = "Report.Api", "Services\Report\Report.Api\Report.Api.csproj", "{0378EAE6-2D2B-4459-8473-9E5FFAA6AA6B}"
EndProject
Project("{FAE04EC0-301F-11D3-BF4B-00C04F79EFBC}") = "Common", "Common\Common.csproj", "{9983AC4E-63F2-44EC-A2E4-9FACD4422C3C}"
EndProject
Global
	GlobalSection(SolutionConfigurationPlatforms) = preSolution
		Debug|Any CPU = Debug|Any CPU
		Debug|x64 = Debug|x64
		Debug|x86 = Debug|x86
		Release|Any CPU = Release|Any CPU
		Release|x64 = Release|x64
		Release|x86 = Release|x86
	EndGlobalSection
	GlobalSection(ProjectConfigurationPlatforms) = postSolution
		{0051754D-626F-4554-86B8-073F75BDAD59}.Debug|Any CPU.ActiveCfg = Debug|Any CPU
		{0051754D-626F-4554-86B8-073F75BDAD59}.Debug|Any CPU.Build.0 = Debug|Any CPU
		{0051754D-626F-4554-86B8-073F75BDAD59}.Debug|x64.ActiveCfg = Debug|Any CPU
		{0051754D-626F-4554-86B8-073F75BDAD59}.Debug|x64.Build.0 = Debug|Any CPU
		{0051754D-626F-4554-86B8-073F75BDAD59}.Debug|x86.ActiveCfg = Debug|Any CPU
		{0051754D-626F-4554-86B8-073F75BDAD59}.Debug|x86.Build.0 = Debug|Any CPU
		{0051754D-626F-4554-86B8-073F75BDAD59}.Release|Any CPU.ActiveCfg = Release|Any CPU
		{0051754D-626F-4554-86B8-073F75BDAD59}.Release|Any CPU.Build.0 = Release|Any CPU
		{0051754D-626F-4554-86B8-073F75BDAD59}.Release|x64.ActiveCfg = Release|Any CPU
		{0051754D-626F-4554-86B8-073F75BDAD59}.Release|x64.Build.0 = Release|Any CPU
		{0051754D-626F-4554-86B8-073F75BDAD59}.Release|x86.ActiveCfg = Release|Any CPU
		{0051754D-626F-4554-86B8-073F75BDAD59}.Release|x86.Build.0 = Release|Any CPU
		{E804BEA9-9F89-4562-AE55-4150A3E99F84}.Debug|Any CPU.ActiveCfg = Debug|Any CPU
		{E804BEA9-9F89-4562-AE55-4150A3E99F84}.Debug|Any CPU.Build.0 = Debug|Any CPU
		{E804BEA9-9F89-4562-AE55-4150A3E99F84}.Debug|x64.ActiveCfg = Debug|Any CPU
		{E804BEA9-9F89-4562-AE55-4150A3E99F84}.Debug|x64.Build.0 = Debug|Any CPU
		{E804BEA9-9F89-4562-AE55-4150A3E99F84}.Debug|x86.ActiveCfg = Debug|Any CPU
		{E804BEA9-9F89-4562-AE55-4150A3E99F84}.Debug|x86.Build.0 = Debug|Any CPU
		{E804BEA9-9F89-4562-AE55-4150A3E99F84}.Release|Any CPU.ActiveCfg = Release|Any CPU
		{E804BEA9-9F89-4562-AE55-4150A3E99F84}.Release|Any CPU.Build.0 = Release|Any CPU
		{E804BEA9-9F89-4562-AE55-4150A3E99F84}.Release|x64.ActiveCfg = Release|Any CPU
		{E804BEA9-9F89-4562-AE55-4150A3E99F84}.Release|x64.Build.0 = Release|Any CPU
		{E804BEA9-9F89-4562-AE55-4150A3E99F84}.Release|x86.ActiveCfg = Release|Any CPU
		{E804BEA9-9F89-4562-AE55-4150A3E99F84}.Release|x86.Build.0 = Release|Any CPU
		{F45EFE75-1C97-4664-9CA7-2FAA251A3431}.Debug|Any CPU.ActiveCfg = Debug|Any CPU
		{F45EFE75-1C97-4664-9CA7-2FAA251A3431}.Debug|Any CPU.Build.0 = Debug|Any CPU
		{F45EFE75-1C97-4664-9CA7-2FAA251A3431}.Debug|x64.ActiveCfg = Debug|Any CPU
		{F45EFE75-1C97-4664-9CA7-2FAA251A3431}.Debug|x64.Build.0 = Debug|Any CPU
		{F45EFE75-1C97-4664-9CA7-2FAA251A3431}.Debug|x86.ActiveCfg = Debug|Any CPU
		{F45EFE75-1C97-4664-9CA7-2FAA251A3431}.Debug|x86.Build.0 = Debug|Any CPU
		{F45EFE75-1C97-4664-9CA7-2FAA251A3431}.Release|Any CPU.ActiveCfg = Release|Any CPU
		{F45EFE75-1C97-4664-9CA7-2FAA251A3431}.Release|Any CPU.Build.0 = Release|Any CPU
		{F45EFE75-1C97-4664-9CA7-2FAA251A3431}.Release|x64.ActiveCfg = Release|Any CPU
		{F45EFE75-1C97-4664-9CA7-2FAA251A3431}.Release|x64.Build.0 = Release|Any CPU
		{F45EFE75-1C97-4664-9CA7-2FAA251A3431}.Release|x86.ActiveCfg = Release|Any CPU
		{F45EFE75-1C97-4664-9CA7-2FAA251A3431}.Release|x86.Build.0 = Release|Any CPU
		{A37DE789-2D7E-41B7-A413-E39883822581}.Debug|Any CPU.ActiveCfg = Debug|Any CPU
		{A37DE789-2D7E-41B7-A413-E39883822581}.Debug|Any CPU.Build.0 = Debug|Any CPU
		{A37DE789-2D7E-41B7-A413-E39883822581}.Debug|x64.ActiveCfg = Debug|Any CPU
		{A37DE789-2D7E-41B7-A413-E39883822581}.Debug|x64.Build.0 = Debug|Any CPU
		{A37DE789-2D7E-41B7-A413-E39883822581}.Debug|x86.ActiveCfg = Debug|Any CPU
		{A37DE789-2D7E-41B7-A413-E39883822581}.Debug|x86.Build.0 = Debug|Any CPU
		{A37DE789-2D7E-41B7-A413-E39883822581}.Release|Any CPU.ActiveCfg = Release|Any CPU
		{A37DE789-2D7E-41B7-A413-E39883822581}.Release|Any CPU.Build.0 = Release|Any CPU
		{A37DE789-2D7E-41B7-A413-E39883822581}.Release|x64.ActiveCfg = Release|Any CPU
		{A37DE789-2D7E-41B7-A413-E39883822581}.Release|x64.Build.0 = Release|Any CPU
		{A37DE789-2D7E-41B7-A413-E39883822581}.Release|x86.ActiveCfg = Release|Any CPU
		{A37DE789-2D7E-41B7-A413-E39883822581}.Release|x86.Build.0 = Release|Any CPU
		{81765B66-67D0-4DCA-904A-6788C98A831C}.Debug|Any CPU.ActiveCfg = Debug|Any CPU
		{81765B66-67D0-4DCA-904A-6788C98A831C}.Debug|Any CPU.Build.0 = Debug|Any CPU
		{81765B66-67D0-4DCA-904A-6788C98A831C}.Debug|x64.ActiveCfg = Debug|Any CPU
		{81765B66-67D0-4DCA-904A-6788C98A831C}.Debug|x64.Build.0 = Debug|Any CPU
		{81765B66-67D0-4DCA-904A-6788C98A831C}.Debug|x86.ActiveCfg = Debug|Any CPU
		{81765B66-67D0-4DCA-904A-6788C98A831C}.Debug|x86.Build.0 = Debug|Any CPU
		{81765B66-67D0-4DCA-904A-6788C98A831C}.Release|Any CPU.ActiveCfg = Release|Any CPU
		{81765B66-67D0-4DCA-904A-6788C98A831C}.Release|Any CPU.Build.0 = Release|Any CPU
		{81765B66-67D0-4DCA-904A-6788C98A831C}.Release|x64.ActiveCfg = Release|Any CPU
		{81765B66-67D0-4DCA-904A-6788C98A831C}.Release|x64.Build.0 = Release|Any CPU
		{81765B66-67D0-4DCA-904A-6788C98A831C}.Release|x86.ActiveCfg = Release|Any CPU
		{81765B66-67D0-4DCA-904A-6788C98A831C}.Release|x86.Build.0 = Release|Any CPU
		{04E6E136-42F4-4337-8EA3-8F6A73803D07}.Debug|Any CPU.ActiveCfg = Debug|Any CPU
		{04E6E136-42F4-4337-8EA3-8F6A73803D07}.Debug|Any CPU.Build.0 = Debug|Any CPU
		{04E6E136-42F4-4337-8EA3-8F6A73803D07}.Debug|x64.ActiveCfg = Debug|Any CPU
		{04E6E136-42F4-4337-8EA3-8F6A73803D07}.Debug|x64.Build.0 = Debug|Any CPU
		{04E6E136-42F4-4337-8EA3-8F6A73803D07}.Debug|x86.ActiveCfg = Debug|Any CPU
		{04E6E136-42F4-4337-8EA3-8F6A73803D07}.Debug|x86.Build.0 = Debug|Any CPU
		{04E6E136-42F4-4337-8EA3-8F6A73803D07}.Release|Any CPU.ActiveCfg = Release|Any CPU
		{04E6E136-42F4-4337-8EA3-8F6A73803D07}.Release|Any CPU.Build.0 = Release|Any CPU
		{04E6E136-42F4-4337-8EA3-8F6A73803D07}.Release|x64.ActiveCfg = Release|Any CPU
		{04E6E136-42F4-4337-8EA3-8F6A73803D07}.Release|x64.Build.0 = Release|Any CPU
		{04E6E136-42F4-4337-8EA3-8F6A73803D07}.Release|x86.ActiveCfg = Release|Any CPU
		{04E6E136-42F4-4337-8EA3-8F6A73803D07}.Release|x86.Build.0 = Release|Any CPU
		{D652D3EC-D184-4762-A845-FEE2D533AE3F}.Debug|Any CPU.ActiveCfg = Debug|Any CPU
		{D652D3EC-D184-4762-A845-FEE2D533AE3F}.Debug|Any CPU.Build.0 = Debug|Any CPU
		{D652D3EC-D184-4762-A845-FEE2D533AE3F}.Debug|x64.ActiveCfg = Debug|Any CPU
		{D652D3EC-D184-4762-A845-FEE2D533AE3F}.Debug|x64.Build.0 = Debug|Any CPU
		{D652D3EC-D184-4762-A845-FEE2D533AE3F}.Debug|x86.ActiveCfg = Debug|Any CPU
		{D652D3EC-D184-4762-A845-FEE2D533AE3F}.Debug|x86.Build.0 = Debug|Any CPU
		{D652D3EC-D184-4762-A845-FEE2D533AE3F}.Release|Any CPU.ActiveCfg = Release|Any CPU
		{D652D3EC-D184-4762-A845-FEE2D533AE3F}.Release|Any CPU.Build.0 = Release|Any CPU
		{D652D3EC-D184-4762-A845-FEE2D533AE3F}.Release|x64.ActiveCfg = Release|Any CPU
		{D652D3EC-D184-4762-A845-FEE2D533AE3F}.Release|x64.Build.0 = Release|Any CPU
		{D652D3EC-D184-4762-A845-FEE2D533AE3F}.Release|x86.ActiveCfg = Release|Any CPU
		{D652D3EC-D184-4762-A845-FEE2D533AE3F}.Release|x86.Build.0 = Release|Any CPU
		{C989E2C4-8805-4D2F-AFAE-5864A706B5E4}.Debug|Any CPU.ActiveCfg = Debug|Any CPU
		{C989E2C4-8805-4D2F-AFAE-5864A706B5E4}.Debug|Any CPU.Build.0 = Debug|Any CPU
		{C989E2C4-8805-4D2F-AFAE-5864A706B5E4}.Debug|x64.ActiveCfg = Debug|Any CPU
		{C989E2C4-8805-4D2F-AFAE-5864A706B5E4}.Debug|x64.Build.0 = Debug|Any CPU
		{C989E2C4-8805-4D2F-AFAE-5864A706B5E4}.Debug|x86.ActiveCfg = Debug|Any CPU
		{C989E2C4-8805-4D2F-AFAE-5864A706B5E4}.Debug|x86.Build.0 = Debug|Any CPU
		{C989E2C4-8805-4D2F-AFAE-5864A706B5E4}.Release|Any CPU.ActiveCfg = Release|Any CPU
		{C989E2C4-8805-4D2F-AFAE-5864A706B5E4}.Release|Any CPU.Build.0 = Release|Any CPU
		{C989E2C4-8805-4D2F-AFAE-5864A706B5E4}.Release|x64.ActiveCfg = Release|Any CPU
		{C989E2C4-8805-4D2F-AFAE-5864A706B5E4}.Release|x64.Build.0 = Release|Any CPU
		{C989E2C4-8805-4D2F-AFAE-5864A706B5E4}.Release|x86.ActiveCfg = Release|Any CPU
		{C989E2C4-8805-4D2F-AFAE-5864A706B5E4}.Release|x86.Build.0 = Release|Any CPU
		{87E7DADC-7AC7-428F-9CF1-52186C5E8A47}.Debug|Any CPU.ActiveCfg = Debug|Any CPU
		{87E7DADC-7AC7-428F-9CF1-52186C5E8A47}.Debug|Any CPU.Build.0 = Debug|Any CPU
		{87E7DADC-7AC7-428F-9CF1-52186C5E8A47}.Debug|x64.ActiveCfg = Debug|Any CPU
		{87E7DADC-7AC7-428F-9CF1-52186C5E8A47}.Debug|x64.Build.0 = Debug|Any CPU
		{87E7DADC-7AC7-428F-9CF1-52186C5E8A47}.Debug|x86.ActiveCfg = Debug|Any CPU
		{87E7DADC-7AC7-428F-9CF1-52186C5E8A47}.Debug|x86.Build.0 = Debug|Any CPU
		{87E7DADC-7AC7-428F-9CF1-52186C5E8A47}.Release|Any CPU.ActiveCfg = Release|Any CPU
		{87E7DADC-7AC7-428F-9CF1-52186C5E8A47}.Release|Any CPU.Build.0 = Release|Any CPU
		{87E7DADC-7AC7-428F-9CF1-52186C5E8A47}.Release|x64.ActiveCfg = Release|Any CPU
		{87E7DADC-7AC7-428F-9CF1-52186C5E8A47}.Release|x64.Build.0 = Release|Any CPU
		{87E7DADC-7AC7-428F-9CF1-52186C5E8A47}.Release|x86.ActiveCfg = Release|Any CPU
		{87E7DADC-7AC7-428F-9CF1-52186C5E8A47}.Release|x86.Build.0 = Release|Any CPU
		{218E5B52-767B-468C-A90D-81819A1CB853}.Debug|Any CPU.ActiveCfg = Debug|Any CPU
		{218E5B52-767B-468C-A90D-81819A1CB853}.Debug|Any CPU.Build.0 = Debug|Any CPU
		{218E5B52-767B-468C-A90D-81819A1CB853}.Debug|x64.ActiveCfg = Debug|Any CPU
		{218E5B52-767B-468C-A90D-81819A1CB853}.Debug|x64.Build.0 = Debug|Any CPU
		{218E5B52-767B-468C-A90D-81819A1CB853}.Debug|x86.ActiveCfg = Debug|Any CPU
		{218E5B52-767B-468C-A90D-81819A1CB853}.Debug|x86.Build.0 = Debug|Any CPU
		{218E5B52-767B-468C-A90D-81819A1CB853}.Release|Any CPU.ActiveCfg = Release|Any CPU
		{218E5B52-767B-468C-A90D-81819A1CB853}.Release|Any CPU.Build.0 = Release|Any CPU
		{218E5B52-767B-468C-A90D-81819A1CB853}.Release|x64.ActiveCfg = Release|Any CPU
		{218E5B52-767B-468C-A90D-81819A1CB853}.Release|x64.Build.0 = Release|Any CPU
		{218E5B52-767B-468C-A90D-81819A1CB853}.Release|x86.ActiveCfg = Release|Any CPU
		{218E5B52-767B-468C-A90D-81819A1CB853}.Release|x86.Build.0 = Release|Any CPU
		{4C5222EB-6805-49F9-8078-BA859971A707}.Debug|Any CPU.ActiveCfg = Debug|Any CPU
		{4C5222EB-6805-49F9-8078-BA859971A707}.Debug|Any CPU.Build.0 = Debug|Any CPU
		{4C5222EB-6805-49F9-8078-BA859971A707}.Debug|x64.ActiveCfg = Debug|Any CPU
		{4C5222EB-6805-49F9-8078-BA859971A707}.Debug|x64.Build.0 = Debug|Any CPU
		{4C5222EB-6805-49F9-8078-BA859971A707}.Debug|x86.ActiveCfg = Debug|Any CPU
		{4C5222EB-6805-49F9-8078-BA859971A707}.Debug|x86.Build.0 = Debug|Any CPU
		{4C5222EB-6805-49F9-8078-BA859971A707}.Release|Any CPU.ActiveCfg = Release|Any CPU
		{4C5222EB-6805-49F9-8078-BA859971A707}.Release|Any CPU.Build.0 = Release|Any CPU
		{4C5222EB-6805-49F9-8078-BA859971A707}.Release|x64.ActiveCfg = Release|Any CPU
		{4C5222EB-6805-49F9-8078-BA859971A707}.Release|x64.Build.0 = Release|Any CPU
		{4C5222EB-6805-49F9-8078-BA859971A707}.Release|x86.ActiveCfg = Release|Any CPU
		{4C5222EB-6805-49F9-8078-BA859971A707}.Release|x86.Build.0 = Release|Any CPU
		{6608E201-4A79-4952-A61D-C3F944305FB4}.Debug|Any CPU.ActiveCfg = Debug|Any CPU
		{6608E201-4A79-4952-A61D-C3F944305FB4}.Debug|Any CPU.Build.0 = Debug|Any CPU
		{6608E201-4A79-4952-A61D-C3F944305FB4}.Debug|x64.ActiveCfg = Debug|Any CPU
		{6608E201-4A79-4952-A61D-C3F944305FB4}.Debug|x64.Build.0 = Debug|Any CPU
		{6608E201-4A79-4952-A61D-C3F944305FB4}.Debug|x86.ActiveCfg = Debug|Any CPU
		{6608E201-4A79-4952-A61D-C3F944305FB4}.Debug|x86.Build.0 = Debug|Any CPU
		{6608E201-4A79-4952-A61D-C3F944305FB4}.Release|Any CPU.ActiveCfg = Release|Any CPU
		{6608E201-4A79-4952-A61D-C3F944305FB4}.Release|Any CPU.Build.0 = Release|Any CPU
		{6608E201-4A79-4952-A61D-C3F944305FB4}.Release|x64.ActiveCfg = Release|Any CPU
		{6608E201-4A79-4952-A61D-C3F944305FB4}.Release|x64.Build.0 = Release|Any CPU
		{6608E201-4A79-4952-A61D-C3F944305FB4}.Release|x86.ActiveCfg = Release|Any CPU
		{6608E201-4A79-4952-A61D-C3F944305FB4}.Release|x86.Build.0 = Release|Any CPU
		{F17A0868-1848-43A2-AEF5-C06DEC8DF160}.Debug|Any CPU.ActiveCfg = Debug|Any CPU
		{F17A0868-1848-43A2-AEF5-C06DEC8DF160}.Debug|Any CPU.Build.0 = Debug|Any CPU
		{F17A0868-1848-43A2-AEF5-C06DEC8DF160}.Debug|x64.ActiveCfg = Debug|Any CPU
		{F17A0868-1848-43A2-AEF5-C06DEC8DF160}.Debug|x64.Build.0 = Debug|Any CPU
		{F17A0868-1848-43A2-AEF5-C06DEC8DF160}.Debug|x86.ActiveCfg = Debug|Any CPU
		{F17A0868-1848-43A2-AEF5-C06DEC8DF160}.Debug|x86.Build.0 = Debug|Any CPU
		{F17A0868-1848-43A2-AEF5-C06DEC8DF160}.Release|Any CPU.ActiveCfg = Release|Any CPU
		{F17A0868-1848-43A2-AEF5-C06DEC8DF160}.Release|Any CPU.Build.0 = Release|Any CPU
		{F17A0868-1848-43A2-AEF5-C06DEC8DF160}.Release|x64.ActiveCfg = Release|Any CPU
		{F17A0868-1848-43A2-AEF5-C06DEC8DF160}.Release|x64.Build.0 = Release|Any CPU
		{F17A0868-1848-43A2-AEF5-C06DEC8DF160}.Release|x86.ActiveCfg = Release|Any CPU
		{F17A0868-1848-43A2-AEF5-C06DEC8DF160}.Release|x86.Build.0 = Release|Any CPU
		{95B95FCB-6EA9-4C0E-8D1E-17A35A2ABC3D}.Debug|Any CPU.ActiveCfg = Debug|Any CPU
		{95B95FCB-6EA9-4C0E-8D1E-17A35A2ABC3D}.Debug|Any CPU.Build.0 = Debug|Any CPU
		{95B95FCB-6EA9-4C0E-8D1E-17A35A2ABC3D}.Debug|x64.ActiveCfg = Debug|Any CPU
		{95B95FCB-6EA9-4C0E-8D1E-17A35A2ABC3D}.Debug|x64.Build.0 = Debug|Any CPU
		{95B95FCB-6EA9-4C0E-8D1E-17A35A2ABC3D}.Debug|x86.ActiveCfg = Debug|Any CPU
		{95B95FCB-6EA9-4C0E-8D1E-17A35A2ABC3D}.Debug|x86.Build.0 = Debug|Any CPU
		{95B95FCB-6EA9-4C0E-8D1E-17A35A2ABC3D}.Release|Any CPU.ActiveCfg = Release|Any CPU
		{95B95FCB-6EA9-4C0E-8D1E-17A35A2ABC3D}.Release|Any CPU.Build.0 = Release|Any CPU
		{95B95FCB-6EA9-4C0E-8D1E-17A35A2ABC3D}.Release|x64.ActiveCfg = Release|Any CPU
		{95B95FCB-6EA9-4C0E-8D1E-17A35A2ABC3D}.Release|x64.Build.0 = Release|Any CPU
		{95B95FCB-6EA9-4C0E-8D1E-17A35A2ABC3D}.Release|x86.ActiveCfg = Release|Any CPU
		{95B95FCB-6EA9-4C0E-8D1E-17A35A2ABC3D}.Release|x86.Build.0 = Release|Any CPU
		{EE1BDE7D-4E3E-430E-AD0C-6B2637660667}.Debug|Any CPU.ActiveCfg = Debug|Any CPU
		{EE1BDE7D-4E3E-430E-AD0C-6B2637660667}.Debug|Any CPU.Build.0 = Debug|Any CPU
		{EE1BDE7D-4E3E-430E-AD0C-6B2637660667}.Debug|x64.ActiveCfg = Debug|Any CPU
		{EE1BDE7D-4E3E-430E-AD0C-6B2637660667}.Debug|x64.Build.0 = Debug|Any CPU
		{EE1BDE7D-4E3E-430E-AD0C-6B2637660667}.Debug|x86.ActiveCfg = Debug|Any CPU
		{EE1BDE7D-4E3E-430E-AD0C-6B2637660667}.Debug|x86.Build.0 = Debug|Any CPU
		{EE1BDE7D-4E3E-430E-AD0C-6B2637660667}.Release|Any CPU.ActiveCfg = Release|Any CPU
		{EE1BDE7D-4E3E-430E-AD0C-6B2637660667}.Release|Any CPU.Build.0 = Release|Any CPU
		{EE1BDE7D-4E3E-430E-AD0C-6B2637660667}.Release|x64.ActiveCfg = Release|Any CPU
		{EE1BDE7D-4E3E-430E-AD0C-6B2637660667}.Release|x64.Build.0 = Release|Any CPU
		{EE1BDE7D-4E3E-430E-AD0C-6B2637660667}.Release|x86.ActiveCfg = Release|Any CPU
		{EE1BDE7D-4E3E-430E-AD0C-6B2637660667}.Release|x86.Build.0 = Release|Any CPU
		{EE994ED3-B319-425B-99FA-64011CAF0B95}.Debug|Any CPU.ActiveCfg = Debug|Any CPU
		{EE994ED3-B319-425B-99FA-64011CAF0B95}.Debug|Any CPU.Build.0 = Debug|Any CPU
		{EE994ED3-B319-425B-99FA-64011CAF0B95}.Debug|x64.ActiveCfg = Debug|Any CPU
		{EE994ED3-B319-425B-99FA-64011CAF0B95}.Debug|x64.Build.0 = Debug|Any CPU
		{EE994ED3-B319-425B-99FA-64011CAF0B95}.Debug|x86.ActiveCfg = Debug|Any CPU
		{EE994ED3-B319-425B-99FA-64011CAF0B95}.Debug|x86.Build.0 = Debug|Any CPU
		{EE994ED3-B319-425B-99FA-64011CAF0B95}.Release|Any CPU.ActiveCfg = Release|Any CPU
		{EE994ED3-B319-425B-99FA-64011CAF0B95}.Release|Any CPU.Build.0 = Release|Any CPU
		{EE994ED3-B319-425B-99FA-64011CAF0B95}.Release|x64.ActiveCfg = Release|Any CPU
		{EE994ED3-B319-425B-99FA-64011CAF0B95}.Release|x64.Build.0 = Release|Any CPU
		{EE994ED3-B319-425B-99FA-64011CAF0B95}.Release|x86.ActiveCfg = Release|Any CPU
		{EE994ED3-B319-425B-99FA-64011CAF0B95}.Release|x86.Build.0 = Release|Any CPU
		{4DDB9947-CA47-44E4-931C-682354692836}.Debug|Any CPU.ActiveCfg = Debug|Any CPU
		{4DDB9947-CA47-44E4-931C-682354692836}.Debug|Any CPU.Build.0 = Debug|Any CPU
		{4DDB9947-CA47-44E4-931C-682354692836}.Debug|x64.ActiveCfg = Debug|Any CPU
		{4DDB9947-CA47-44E4-931C-682354692836}.Debug|x64.Build.0 = Debug|Any CPU
		{4DDB9947-CA47-44E4-931C-682354692836}.Debug|x86.ActiveCfg = Debug|Any CPU
		{4DDB9947-CA47-44E4-931C-682354692836}.Debug|x86.Build.0 = Debug|Any CPU
		{4DDB9947-CA47-44E4-931C-682354692836}.Release|Any CPU.ActiveCfg = Release|Any CPU
		{4DDB9947-CA47-44E4-931C-682354692836}.Release|Any CPU.Build.0 = Release|Any CPU
		{4DDB9947-CA47-44E4-931C-682354692836}.Release|x64.ActiveCfg = Release|Any CPU
		{4DDB9947-CA47-44E4-931C-682354692836}.Release|x64.Build.0 = Release|Any CPU
		{4DDB9947-CA47-44E4-931C-682354692836}.Release|x86.ActiveCfg = Release|Any CPU
		{4DDB9947-CA47-44E4-931C-682354692836}.Release|x86.Build.0 = Release|Any CPU
		{41B178D0-D3BC-4F47-A569-39413D3B3A33}.Debug|Any CPU.ActiveCfg = Debug|Any CPU
		{41B178D0-D3BC-4F47-A569-39413D3B3A33}.Debug|Any CPU.Build.0 = Debug|Any CPU
		{41B178D0-D3BC-4F47-A569-39413D3B3A33}.Debug|x64.ActiveCfg = Debug|Any CPU
		{41B178D0-D3BC-4F47-A569-39413D3B3A33}.Debug|x64.Build.0 = Debug|Any CPU
		{41B178D0-D3BC-4F47-A569-39413D3B3A33}.Debug|x86.ActiveCfg = Debug|Any CPU
		{41B178D0-D3BC-4F47-A569-39413D3B3A33}.Debug|x86.Build.0 = Debug|Any CPU
		{41B178D0-D3BC-4F47-A569-39413D3B3A33}.Release|Any CPU.ActiveCfg = Release|Any CPU
		{41B178D0-D3BC-4F47-A569-39413D3B3A33}.Release|Any CPU.Build.0 = Release|Any CPU
		{41B178D0-D3BC-4F47-A569-39413D3B3A33}.Release|x64.ActiveCfg = Release|Any CPU
		{41B178D0-D3BC-4F47-A569-39413D3B3A33}.Release|x64.Build.0 = Release|Any CPU
		{41B178D0-D3BC-4F47-A569-39413D3B3A33}.Release|x86.ActiveCfg = Release|Any CPU
		{41B178D0-D3BC-4F47-A569-39413D3B3A33}.Release|x86.Build.0 = Release|Any CPU
		{92A520BA-131C-4813-91DF-4E23B7C0BF2B}.Debug|Any CPU.ActiveCfg = Debug|Any CPU
		{92A520BA-131C-4813-91DF-4E23B7C0BF2B}.Debug|Any CPU.Build.0 = Debug|Any CPU
		{92A520BA-131C-4813-91DF-4E23B7C0BF2B}.Debug|x64.ActiveCfg = Debug|Any CPU
		{92A520BA-131C-4813-91DF-4E23B7C0BF2B}.Debug|x64.Build.0 = Debug|Any CPU
		{92A520BA-131C-4813-91DF-4E23B7C0BF2B}.Debug|x86.ActiveCfg = Debug|Any CPU
		{92A520BA-131C-4813-91DF-4E23B7C0BF2B}.Debug|x86.Build.0 = Debug|Any CPU
		{92A520BA-131C-4813-91DF-4E23B7C0BF2B}.Release|Any CPU.ActiveCfg = Release|Any CPU
		{92A520BA-131C-4813-91DF-4E23B7C0BF2B}.Release|Any CPU.Build.0 = Release|Any CPU
		{92A520BA-131C-4813-91DF-4E23B7C0BF2B}.Release|x64.ActiveCfg = Release|Any CPU
		{92A520BA-131C-4813-91DF-4E23B7C0BF2B}.Release|x64.Build.0 = Release|Any CPU
		{92A520BA-131C-4813-91DF-4E23B7C0BF2B}.Release|x86.ActiveCfg = Release|Any CPU
		{92A520BA-131C-4813-91DF-4E23B7C0BF2B}.Release|x86.Build.0 = Release|Any CPU
		{5CFDACBF-44B3-4098-80DB-02C84A2AC0CC}.Debug|Any CPU.ActiveCfg = Debug|Any CPU
		{5CFDACBF-44B3-4098-80DB-02C84A2AC0CC}.Debug|Any CPU.Build.0 = Debug|Any CPU
		{5CFDACBF-44B3-4098-80DB-02C84A2AC0CC}.Debug|x64.ActiveCfg = Debug|Any CPU
		{5CFDACBF-44B3-4098-80DB-02C84A2AC0CC}.Debug|x64.Build.0 = Debug|Any CPU
		{5CFDACBF-44B3-4098-80DB-02C84A2AC0CC}.Debug|x86.ActiveCfg = Debug|Any CPU
		{5CFDACBF-44B3-4098-80DB-02C84A2AC0CC}.Debug|x86.Build.0 = Debug|Any CPU
		{5CFDACBF-44B3-4098-80DB-02C84A2AC0CC}.Release|Any CPU.ActiveCfg = Release|Any CPU
		{5CFDACBF-44B3-4098-80DB-02C84A2AC0CC}.Release|Any CPU.Build.0 = Release|Any CPU
		{5CFDACBF-44B3-4098-80DB-02C84A2AC0CC}.Release|x64.ActiveCfg = Release|Any CPU
		{5CFDACBF-44B3-4098-80DB-02C84A2AC0CC}.Release|x64.Build.0 = Release|Any CPU
		{5CFDACBF-44B3-4098-80DB-02C84A2AC0CC}.Release|x86.ActiveCfg = Release|Any CPU
		{5CFDACBF-44B3-4098-80DB-02C84A2AC0CC}.Release|x86.Build.0 = Release|Any CPU
		{06AC15E1-2869-4D4F-B0E1-2B7D0B5BBC22}.Debug|Any CPU.ActiveCfg = Debug|Any CPU
		{06AC15E1-2869-4D4F-B0E1-2B7D0B5BBC22}.Debug|Any CPU.Build.0 = Debug|Any CPU
		{06AC15E1-2869-4D4F-B0E1-2B7D0B5BBC22}.Debug|x64.ActiveCfg = Debug|Any CPU
		{06AC15E1-2869-4D4F-B0E1-2B7D0B5BBC22}.Debug|x64.Build.0 = Debug|Any CPU
		{06AC15E1-2869-4D4F-B0E1-2B7D0B5BBC22}.Debug|x86.ActiveCfg = Debug|Any CPU
		{06AC15E1-2869-4D4F-B0E1-2B7D0B5BBC22}.Debug|x86.Build.0 = Debug|Any CPU
		{06AC15E1-2869-4D4F-B0E1-2B7D0B5BBC22}.Release|Any CPU.ActiveCfg = Release|Any CPU
		{06AC15E1-2869-4D4F-B0E1-2B7D0B5BBC22}.Release|Any CPU.Build.0 = Release|Any CPU
		{06AC15E1-2869-4D4F-B0E1-2B7D0B5BBC22}.Release|x64.ActiveCfg = Release|Any CPU
		{06AC15E1-2869-4D4F-B0E1-2B7D0B5BBC22}.Release|x64.Build.0 = Release|Any CPU
		{06AC15E1-2869-4D4F-B0E1-2B7D0B5BBC22}.Release|x86.ActiveCfg = Release|Any CPU
		{06AC15E1-2869-4D4F-B0E1-2B7D0B5BBC22}.Release|x86.Build.0 = Release|Any CPU
		{9350A747-8B3E-4CCB-AEB4-F36CE39C4161}.Debug|Any CPU.ActiveCfg = Debug|Any CPU
		{9350A747-8B3E-4CCB-AEB4-F36CE39C4161}.Debug|Any CPU.Build.0 = Debug|Any CPU
		{9350A747-8B3E-4CCB-AEB4-F36CE39C4161}.Debug|x64.ActiveCfg = Debug|Any CPU
		{9350A747-8B3E-4CCB-AEB4-F36CE39C4161}.Debug|x64.Build.0 = Debug|Any CPU
		{9350A747-8B3E-4CCB-AEB4-F36CE39C4161}.Debug|x86.ActiveCfg = Debug|Any CPU
		{9350A747-8B3E-4CCB-AEB4-F36CE39C4161}.Debug|x86.Build.0 = Debug|Any CPU
		{9350A747-8B3E-4CCB-AEB4-F36CE39C4161}.Release|Any CPU.ActiveCfg = Release|Any CPU
		{9350A747-8B3E-4CCB-AEB4-F36CE39C4161}.Release|Any CPU.Build.0 = Release|Any CPU
		{9350A747-8B3E-4CCB-AEB4-F36CE39C4161}.Release|x64.ActiveCfg = Release|Any CPU
		{9350A747-8B3E-4CCB-AEB4-F36CE39C4161}.Release|x64.Build.0 = Release|Any CPU
		{9350A747-8B3E-4CCB-AEB4-F36CE39C4161}.Release|x86.ActiveCfg = Release|Any CPU
		{9350A747-8B3E-4CCB-AEB4-F36CE39C4161}.Release|x86.Build.0 = Release|Any CPU
		{94CD00C2-E619-4BD5-98BB-D8B215546D61}.Debug|Any CPU.ActiveCfg = Debug|Any CPU
		{94CD00C2-E619-4BD5-98BB-D8B215546D61}.Debug|Any CPU.Build.0 = Debug|Any CPU
		{94CD00C2-E619-4BD5-98BB-D8B215546D61}.Debug|x64.ActiveCfg = Debug|Any CPU
		{94CD00C2-E619-4BD5-98BB-D8B215546D61}.Debug|x64.Build.0 = Debug|Any CPU
		{94CD00C2-E619-4BD5-98BB-D8B215546D61}.Debug|x86.ActiveCfg = Debug|Any CPU
		{94CD00C2-E619-4BD5-98BB-D8B215546D61}.Debug|x86.Build.0 = Debug|Any CPU
		{94CD00C2-E619-4BD5-98BB-D8B215546D61}.Release|Any CPU.ActiveCfg = Release|Any CPU
		{94CD00C2-E619-4BD5-98BB-D8B215546D61}.Release|Any CPU.Build.0 = Release|Any CPU
		{94CD00C2-E619-4BD5-98BB-D8B215546D61}.Release|x64.ActiveCfg = Release|Any CPU
		{94CD00C2-E619-4BD5-98BB-D8B215546D61}.Release|x64.Build.0 = Release|Any CPU
		{94CD00C2-E619-4BD5-98BB-D8B215546D61}.Release|x86.ActiveCfg = Release|Any CPU
		{94CD00C2-E619-4BD5-98BB-D8B215546D61}.Release|x86.Build.0 = Release|Any CPU
		{AD6850BB-D605-4C09-8E48-E532900D7693}.Debug|Any CPU.ActiveCfg = Debug|Any CPU
		{AD6850BB-D605-4C09-8E48-E532900D7693}.Debug|Any CPU.Build.0 = Debug|Any CPU
		{AD6850BB-D605-4C09-8E48-E532900D7693}.Debug|x64.ActiveCfg = Debug|Any CPU
		{AD6850BB-D605-4C09-8E48-E532900D7693}.Debug|x64.Build.0 = Debug|Any CPU
		{AD6850BB-D605-4C09-8E48-E532900D7693}.Debug|x86.ActiveCfg = Debug|Any CPU
		{AD6850BB-D605-4C09-8E48-E532900D7693}.Debug|x86.Build.0 = Debug|Any CPU
		{AD6850BB-D605-4C09-8E48-E532900D7693}.Release|Any CPU.ActiveCfg = Release|Any CPU
		{AD6850BB-D605-4C09-8E48-E532900D7693}.Release|Any CPU.Build.0 = Release|Any CPU
		{AD6850BB-D605-4C09-8E48-E532900D7693}.Release|x64.ActiveCfg = Release|Any CPU
		{AD6850BB-D605-4C09-8E48-E532900D7693}.Release|x64.Build.0 = Release|Any CPU
		{AD6850BB-D605-4C09-8E48-E532900D7693}.Release|x86.ActiveCfg = Release|Any CPU
		{AD6850BB-D605-4C09-8E48-E532900D7693}.Release|x86.Build.0 = Release|Any CPU
		{DF1643B4-8E5D-40F8-9C51-48EFF3BF4203}.Debug|Any CPU.ActiveCfg = Debug|Any CPU
		{DF1643B4-8E5D-40F8-9C51-48EFF3BF4203}.Debug|Any CPU.Build.0 = Debug|Any CPU
		{DF1643B4-8E5D-40F8-9C51-48EFF3BF4203}.Debug|x64.ActiveCfg = Debug|Any CPU
		{DF1643B4-8E5D-40F8-9C51-48EFF3BF4203}.Debug|x64.Build.0 = Debug|Any CPU
		{DF1643B4-8E5D-40F8-9C51-48EFF3BF4203}.Debug|x86.ActiveCfg = Debug|Any CPU
		{DF1643B4-8E5D-40F8-9C51-48EFF3BF4203}.Debug|x86.Build.0 = Debug|Any CPU
		{DF1643B4-8E5D-40F8-9C51-48EFF3BF4203}.Release|Any CPU.ActiveCfg = Release|Any CPU
		{DF1643B4-8E5D-40F8-9C51-48EFF3BF4203}.Release|Any CPU.Build.0 = Release|Any CPU
		{DF1643B4-8E5D-40F8-9C51-48EFF3BF4203}.Release|x64.ActiveCfg = Release|Any CPU
		{DF1643B4-8E5D-40F8-9C51-48EFF3BF4203}.Release|x64.Build.0 = Release|Any CPU
		{DF1643B4-8E5D-40F8-9C51-48EFF3BF4203}.Release|x86.ActiveCfg = Release|Any CPU
		{DF1643B4-8E5D-40F8-9C51-48EFF3BF4203}.Release|x86.Build.0 = Release|Any CPU
		{E414A407-A85E-4FE3-BDAE-37FF922D1400}.Debug|Any CPU.ActiveCfg = Debug|Any CPU
		{E414A407-A85E-4FE3-BDAE-37FF922D1400}.Debug|Any CPU.Build.0 = Debug|Any CPU
		{E414A407-A85E-4FE3-BDAE-37FF922D1400}.Debug|x64.ActiveCfg = Debug|Any CPU
		{E414A407-A85E-4FE3-BDAE-37FF922D1400}.Debug|x64.Build.0 = Debug|Any CPU
		{E414A407-A85E-4FE3-BDAE-37FF922D1400}.Debug|x86.ActiveCfg = Debug|Any CPU
		{E414A407-A85E-4FE3-BDAE-37FF922D1400}.Debug|x86.Build.0 = Debug|Any CPU
		{E414A407-A85E-4FE3-BDAE-37FF922D1400}.Release|Any CPU.ActiveCfg = Release|Any CPU
		{E414A407-A85E-4FE3-BDAE-37FF922D1400}.Release|Any CPU.Build.0 = Release|Any CPU
		{E414A407-A85E-4FE3-BDAE-37FF922D1400}.Release|x64.ActiveCfg = Release|Any CPU
		{E414A407-A85E-4FE3-BDAE-37FF922D1400}.Release|x64.Build.0 = Release|Any CPU
		{E414A407-A85E-4FE3-BDAE-37FF922D1400}.Release|x86.ActiveCfg = Release|Any CPU
		{E414A407-A85E-4FE3-BDAE-37FF922D1400}.Release|x86.Build.0 = Release|Any CPU
		{0378EAE6-2D2B-4459-8473-9E5FFAA6AA6B}.Debug|Any CPU.ActiveCfg = Debug|Any CPU
		{0378EAE6-2D2B-4459-8473-9E5FFAA6AA6B}.Debug|Any CPU.Build.0 = Debug|Any CPU
		{0378EAE6-2D2B-4459-8473-9E5FFAA6AA6B}.Debug|x64.ActiveCfg = Debug|Any CPU
		{0378EAE6-2D2B-4459-8473-9E5FFAA6AA6B}.Debug|x64.Build.0 = Debug|Any CPU
		{0378EAE6-2D2B-4459-8473-9E5FFAA6AA6B}.Debug|x86.ActiveCfg = Debug|Any CPU
		{0378EAE6-2D2B-4459-8473-9E5FFAA6AA6B}.Debug|x86.Build.0 = Debug|Any CPU
		{0378EAE6-2D2B-4459-8473-9E5FFAA6AA6B}.Release|Any CPU.ActiveCfg = Release|Any CPU
		{0378EAE6-2D2B-4459-8473-9E5FFAA6AA6B}.Release|Any CPU.Build.0 = Release|Any CPU
		{0378EAE6-2D2B-4459-8473-9E5FFAA6AA6B}.Release|x64.ActiveCfg = Release|Any CPU
		{0378EAE6-2D2B-4459-8473-9E5FFAA6AA6B}.Release|x64.Build.0 = Release|Any CPU
		{0378EAE6-2D2B-4459-8473-9E5FFAA6AA6B}.Release|x86.ActiveCfg = Release|Any CPU
		{0378EAE6-2D2B-4459-8473-9E5FFAA6AA6B}.Release|x86.Build.0 = Release|Any CPU
		{9983AC4E-63F2-44EC-A2E4-9FACD4422C3C}.Debug|Any CPU.ActiveCfg = Debug|Any CPU
		{9983AC4E-63F2-44EC-A2E4-9FACD4422C3C}.Debug|Any CPU.Build.0 = Debug|Any CPU
		{9983AC4E-63F2-44EC-A2E4-9FACD4422C3C}.Debug|x64.ActiveCfg = Debug|Any CPU
		{9983AC4E-63F2-44EC-A2E4-9FACD4422C3C}.Debug|x64.Build.0 = Debug|Any CPU
		{9983AC4E-63F2-44EC-A2E4-9FACD4422C3C}.Debug|x86.ActiveCfg = Debug|Any CPU
		{9983AC4E-63F2-44EC-A2E4-9FACD4422C3C}.Debug|x86.Build.0 = Debug|Any CPU
		{9983AC4E-63F2-44EC-A2E4-9FACD4422C3C}.Release|Any CPU.ActiveCfg = Release|Any CPU
		{9983AC4E-63F2-44EC-A2E4-9FACD4422C3C}.Release|Any CPU.Build.0 = Release|Any CPU
		{9983AC4E-63F2-44EC-A2E4-9FACD4422C3C}.Release|x64.ActiveCfg = Release|Any CPU
		{9983AC4E-63F2-44EC-A2E4-9FACD4422C3C}.Release|x64.Build.0 = Release|Any CPU
		{9983AC4E-63F2-44EC-A2E4-9FACD4422C3C}.Release|x86.ActiveCfg = Release|Any CPU
		{9983AC4E-63F2-44EC-A2E4-9FACD4422C3C}.Release|x86.Build.0 = Release|Any CPU
	EndGlobalSection
	GlobalSection(SolutionProperties) = preSolution
		HideSolutionNode = FALSE
	EndGlobalSection
	GlobalSection(NestedProjects) = preSolution
		{0051754D-626F-4554-86B8-073F75BDAD59} = {4F52FD11-658E-A102-6CD3-7D7C16FFA15B}
		{F45EFE75-1C97-4664-9CA7-2FAA251A3431} = {25D181DD-5CC9-F0B3-C64F-91E1AA77FD70}
		{357A7C97-5AE1-023F-1442-0D9F9AF22A31} = {5854FF58-B8C5-05C6-5BF2-ACE42193F22B}
		{A37DE789-2D7E-41B7-A413-E39883822581} = {357A7C97-5AE1-023F-1442-0D9F9AF22A31}
		{81765B66-67D0-4DCA-904A-6788C98A831C} = {357A7C97-5AE1-023F-1442-0D9F9AF22A31}
		{04E6E136-42F4-4337-8EA3-8F6A73803D07} = {357A7C97-5AE1-023F-1442-0D9F9AF22A31}
		{D652D3EC-D184-4762-A845-FEE2D533AE3F} = {357A7C97-5AE1-023F-1442-0D9F9AF22A31}
		{4654CBAB-C532-E41F-4246-203B88601057} = {5854FF58-B8C5-05C6-5BF2-ACE42193F22B}
		{C989E2C4-8805-4D2F-AFAE-5864A706B5E4} = {4654CBAB-C532-E41F-4246-203B88601057}
		{87E7DADC-7AC7-428F-9CF1-52186C5E8A47} = {4654CBAB-C532-E41F-4246-203B88601057}
		{218E5B52-767B-468C-A90D-81819A1CB853} = {4654CBAB-C532-E41F-4246-203B88601057}
		{4C5222EB-6805-49F9-8078-BA859971A707} = {4654CBAB-C532-E41F-4246-203B88601057}
		{CAFC6D74-90C3-6BA6-F9AF-0E6123EFE616} = {5854FF58-B8C5-05C6-5BF2-ACE42193F22B}
		{6608E201-4A79-4952-A61D-C3F944305FB4} = {CAFC6D74-90C3-6BA6-F9AF-0E6123EFE616}
		{F17A0868-1848-43A2-AEF5-C06DEC8DF160} = {CAFC6D74-90C3-6BA6-F9AF-0E6123EFE616}
		{95B95FCB-6EA9-4C0E-8D1E-17A35A2ABC3D} = {CAFC6D74-90C3-6BA6-F9AF-0E6123EFE616}
		{EE1BDE7D-4E3E-430E-AD0C-6B2637660667} = {CAFC6D74-90C3-6BA6-F9AF-0E6123EFE616}
		{2EF26391-038B-86F3-E6FA-6DF3FA9F10CD} = {5854FF58-B8C5-05C6-5BF2-ACE42193F22B}
		{EE994ED3-B319-425B-99FA-64011CAF0B95} = {2EF26391-038B-86F3-E6FA-6DF3FA9F10CD}
		{4DDB9947-CA47-44E4-931C-682354692836} = {2EF26391-038B-86F3-E6FA-6DF3FA9F10CD}
		{41B178D0-D3BC-4F47-A569-39413D3B3A33} = {2EF26391-038B-86F3-E6FA-6DF3FA9F10CD}
		{92A520BA-131C-4813-91DF-4E23B7C0BF2B} = {2EF26391-038B-86F3-E6FA-6DF3FA9F10CD}
		{D0C1C533-808B-E7AF-049A-F61A219E9EEA} = {5854FF58-B8C5-05C6-5BF2-ACE42193F22B}
		{5CFDACBF-44B3-4098-80DB-02C84A2AC0CC} = {D0C1C533-808B-E7AF-049A-F61A219E9EEA}
		{06AC15E1-2869-4D4F-B0E1-2B7D0B5BBC22} = {D0C1C533-808B-E7AF-049A-F61A219E9EEA}
		{9350A747-8B3E-4CCB-AEB4-F36CE39C4161} = {D0C1C533-808B-E7AF-049A-F61A219E9EEA}
		{94CD00C2-E619-4BD5-98BB-D8B215546D61} = {D0C1C533-808B-E7AF-049A-F61A219E9EEA}
		{86ABE1F9-23ED-9C87-BC7A-555EAC0243D4} = {5854FF58-B8C5-05C6-5BF2-ACE42193F22B}
		{AD6850BB-D605-4C09-8E48-E532900D7693} = {86ABE1F9-23ED-9C87-BC7A-555EAC0243D4}
		{DF1643B4-8E5D-40F8-9C51-48EFF3BF4203} = {86ABE1F9-23ED-9C87-BC7A-555EAC0243D4}
		{E414A407-A85E-4FE3-BDAE-37FF922D1400} = {86ABE1F9-23ED-9C87-BC7A-555EAC0243D4}
		{0378EAE6-2D2B-4459-8473-9E5FFAA6AA6B} = {86ABE1F9-23ED-9C87-BC7A-555EAC0243D4}
	EndGlobalSection
	GlobalSection(ExtensibilityGlobals) = postSolution
		SolutionGuid = {8FA7C65B-C858-4022-B02C-279AC186D1CD}
	EndGlobalSection
EndGlobal
